
Microsoft Visual Studio Solution File, Format Version 12.00
# Visual Studio 2013
VisualStudioVersion = 12.0.21005.1
MinimumVisualStudioVersion = 10.0.40219.1
Project("{FAE04EC0-301F-11D3-BF4B-00C04F79EFBC}") = "1 – Inside the Building", "1 – Inside the Building\1 – Inside the Building.csproj", "{037941FB-DA5E-4947-8BD9-B1DC1DC75B74}"
EndProject
Project("{FAE04EC0-301F-11D3-BF4B-00C04F79EFBC}") = "2 – Student Cables", "2 – Student Cables\2 – Student Cables.csproj", "{581FA379-2855-4F04-AF5C-746F18E61503}"
EndProject
Project("{FAE04EC0-301F-11D3-BF4B-00C04F79EFBC}") = "3 – Programmer DNA", "3 – Programmer DNA\3 – Programmer DNA.csproj", "{BADC50AF-429D-4D6F-9A26-8FE7CEB1867C}"
EndProject
Project("{FAE04EC0-301F-11D3-BF4B-00C04F79EFBC}") = "4 – Magic Car Numbers", "4 – Magic Car Numbers\4 – Magic Car Numbers.csproj", "{BF08B76F-01F5-439D-B678-CA6E215E789F}"
EndProject
Project("{FAE04EC0-301F-11D3-BF4B-00C04F79EFBC}") = "5 – Bit Flipper", "5 – Bit Flipper\5 – Bit Flipper.csproj", "{92F44C6E-2F8D-495A-ACD2-A97298F08EF2}"
EndProject
Global
	GlobalSection(SolutionConfigurationPlatforms) = preSolution
		Debug|Any CPU = Debug|Any CPU
		Release|Any CPU = Release|Any CPU
	EndGlobalSection
	GlobalSection(ProjectConfigurationPlatforms) = postSolution
		{037941FB-DA5E-4947-8BD9-B1DC1DC75B74}.Debug|Any CPU.ActiveCfg = Debug|Any CPU
		{037941FB-DA5E-4947-8BD9-B1DC1DC75B74}.Debug|Any CPU.Build.0 = Debug|Any CPU
		{037941FB-DA5E-4947-8BD9-B1DC1DC75B74}.Release|Any CPU.ActiveCfg = Release|Any CPU
		{037941FB-DA5E-4947-8BD9-B1DC1DC75B74}.Release|Any CPU.Build.0 = Release|Any CPU
		{581FA379-2855-4F04-AF5C-746F18E61503}.Debug|Any CPU.ActiveCfg = Debug|Any CPU
		{581FA379-2855-4F04-AF5C-746F18E61503}.Debug|Any CPU.Build.0 = Debug|Any CPU
		{581FA379-2855-4F04-AF5C-746F18E61503}.Release|Any CPU.ActiveCfg = Release|Any CPU
		{581FA379-2855-4F04-AF5C-746F18E61503}.Release|Any CPU.Build.0 = Release|Any CPU
		{BADC50AF-429D-4D6F-9A26-8FE7CEB1867C}.Debug|Any CPU.ActiveCfg = Debug|Any CPU
		{BADC50AF-429D-4D6F-9A26-8FE7CEB1867C}.Debug|Any CPU.Build.0 = Debug|Any CPU
		{BADC50AF-429D-4D6F-9A26-8FE7CEB1867C}.Release|Any CPU.ActiveCfg = Release|Any CPU
		{BADC50AF-429D-4D6F-9A26-8FE7CEB1867C}.Release|Any CPU.Build.0 = Release|Any CPU
		{BF08B76F-01F5-439D-B678-CA6E215E789F}.Debug|Any CPU.ActiveCfg = Debug|Any CPU
		{BF08B76F-01F5-439D-B678-CA6E215E789F}.Debug|Any CPU.Build.0 = Debug|Any CPU
		{BF08B76F-01F5-439D-B678-CA6E215E789F}.Release|Any CPU.ActiveCfg = Release|Any CPU
		{BF08B76F-01F5-439D-B678-CA6E215E789F}.Release|Any CPU.Build.0 = Release|Any CPU
		{92F44C6E-2F8D-495A-ACD2-A97298F08EF2}.Debug|Any CPU.ActiveCfg = Debug|Any CPU
		{92F44C6E-2F8D-495A-ACD2-A97298F08EF2}.Debug|Any CPU.Build.0 = Debug|Any CPU
		{92F44C6E-2F8D-495A-ACD2-A97298F08EF2}.Release|Any CPU.ActiveCfg = Release|Any CPU
		{92F44C6E-2F8D-495A-ACD2-A97298F08EF2}.Release|Any CPU.Build.0 = Release|Any CPU
	EndGlobalSection
	GlobalSection(SolutionProperties) = preSolution
		HideSolutionNode = FALSE
	EndGlobalSection
EndGlobal
