
Microsoft Visual Studio Solution File, Format Version 12.00
# Visual Studio 2013
VisualStudioVersion = 12.0.21005.1
MinimumVisualStudioVersion = 10.0.40219.1
Project("{FAE04EC0-301F-11D3-BF4B-00C04F79EFBC}") = "1 - Joro the Football Player", "1 - Joro the Football Player\1 - Joro the Football Player.csproj", "{0E1D51A6-84A6-4F26-B16D-0DD3E6B519F9}"
EndProject
Project("{FAE04EC0-301F-11D3-BF4B-00C04F79EFBC}") = "2 – Half Sum", "2 – Half Sum\2 – Half Sum.csproj", "{FB66FFCD-467C-47EA-B468-67F25C16EFBA}"
EndProject
Project("{FAE04EC0-301F-11D3-BF4B-00C04F79EFBC}") = "3 – Sunglasses", "3 – Sunglasses\3 – Sunglasses.csproj", "{520E47AA-C9F8-449F-8148-5B7D1DFBA67B}"
EndProject
Project("{FAE04EC0-301F-11D3-BF4B-00C04F79EFBC}") = "4 – Nine-Digit Magic Numbers", "4 – Nine-Digit Magic Numbers\4 – Nine-Digit Magic Numbers.csproj", "{B597FFDF-D2D1-44CC-BAE1-4DB6548507F8}"
EndProject
Project("{FAE04EC0-301F-11D3-BF4B-00C04F79EFBC}") = "5 – Bits Inverter", "5 – Bits Inverter\5 – Bits Inverter.csproj", "{61477169-2C8C-4391-8313-DED1610D3247}"
EndProject
Global
	GlobalSection(SolutionConfigurationPlatforms) = preSolution
		Debug|Any CPU = Debug|Any CPU
		Debug|Mixed Platforms = Debug|Mixed Platforms
		Debug|x86 = Debug|x86
		Release|Any CPU = Release|Any CPU
		Release|Mixed Platforms = Release|Mixed Platforms
		Release|x86 = Release|x86
	EndGlobalSection
	GlobalSection(ProjectConfigurationPlatforms) = postSolution
		{0E1D51A6-84A6-4F26-B16D-0DD3E6B519F9}.Debug|Any CPU.ActiveCfg = Debug|Any CPU
		{0E1D51A6-84A6-4F26-B16D-0DD3E6B519F9}.Debug|Any CPU.Build.0 = Debug|Any CPU
		{0E1D51A6-84A6-4F26-B16D-0DD3E6B519F9}.Debug|Mixed Platforms.ActiveCfg = Debug|Any CPU
		{0E1D51A6-84A6-4F26-B16D-0DD3E6B519F9}.Debug|Mixed Platforms.Build.0 = Debug|Any CPU
		{0E1D51A6-84A6-4F26-B16D-0DD3E6B519F9}.Debug|x86.ActiveCfg = Debug|Any CPU
		{0E1D51A6-84A6-4F26-B16D-0DD3E6B519F9}.Release|Any CPU.ActiveCfg = Release|Any CPU
		{0E1D51A6-84A6-4F26-B16D-0DD3E6B519F9}.Release|Any CPU.Build.0 = Release|Any CPU
		{0E1D51A6-84A6-4F26-B16D-0DD3E6B519F9}.Release|Mixed Platforms.ActiveCfg = Release|Any CPU
		{0E1D51A6-84A6-4F26-B16D-0DD3E6B519F9}.Release|Mixed Platforms.Build.0 = Release|Any CPU
		{0E1D51A6-84A6-4F26-B16D-0DD3E6B519F9}.Release|x86.ActiveCfg = Release|Any CPU
		{FB66FFCD-467C-47EA-B468-67F25C16EFBA}.Debug|Any CPU.ActiveCfg = Debug|Any CPU
		{FB66FFCD-467C-47EA-B468-67F25C16EFBA}.Debug|Any CPU.Build.0 = Debug|Any CPU
		{FB66FFCD-467C-47EA-B468-67F25C16EFBA}.Debug|Mixed Platforms.ActiveCfg = Debug|Any CPU
		{FB66FFCD-467C-47EA-B468-67F25C16EFBA}.Debug|Mixed Platforms.Build.0 = Debug|Any CPU
		{FB66FFCD-467C-47EA-B468-67F25C16EFBA}.Debug|x86.ActiveCfg = Debug|Any CPU
		{FB66FFCD-467C-47EA-B468-67F25C16EFBA}.Release|Any CPU.ActiveCfg = Release|Any CPU
		{FB66FFCD-467C-47EA-B468-67F25C16EFBA}.Release|Any CPU.Build.0 = Release|Any CPU
		{FB66FFCD-467C-47EA-B468-67F25C16EFBA}.Release|Mixed Platforms.ActiveCfg = Release|Any CPU
		{FB66FFCD-467C-47EA-B468-67F25C16EFBA}.Release|Mixed Platforms.Build.0 = Release|Any CPU
		{FB66FFCD-467C-47EA-B468-67F25C16EFBA}.Release|x86.ActiveCfg = Release|Any CPU
		{520E47AA-C9F8-449F-8148-5B7D1DFBA67B}.Debug|Any CPU.ActiveCfg = Debug|Any CPU
		{520E47AA-C9F8-449F-8148-5B7D1DFBA67B}.Debug|Any CPU.Build.0 = Debug|Any CPU
		{520E47AA-C9F8-449F-8148-5B7D1DFBA67B}.Debug|Mixed Platforms.ActiveCfg = Debug|Any CPU
		{520E47AA-C9F8-449F-8148-5B7D1DFBA67B}.Debug|Mixed Platforms.Build.0 = Debug|Any CPU
		{520E47AA-C9F8-449F-8148-5B7D1DFBA67B}.Debug|x86.ActiveCfg = Debug|Any CPU
		{520E47AA-C9F8-449F-8148-5B7D1DFBA67B}.Release|Any CPU.ActiveCfg = Release|Any CPU
		{520E47AA-C9F8-449F-8148-5B7D1DFBA67B}.Release|Any CPU.Build.0 = Release|Any CPU
		{520E47AA-C9F8-449F-8148-5B7D1DFBA67B}.Release|Mixed Platforms.ActiveCfg = Release|Any CPU
		{520E47AA-C9F8-449F-8148-5B7D1DFBA67B}.Release|Mixed Platforms.Build.0 = Release|Any CPU
		{520E47AA-C9F8-449F-8148-5B7D1DFBA67B}.Release|x86.ActiveCfg = Release|Any CPU
		{B597FFDF-D2D1-44CC-BAE1-4DB6548507F8}.Debug|Any CPU.ActiveCfg = Debug|x86
		{B597FFDF-D2D1-44CC-BAE1-4DB6548507F8}.Debug|Mixed Platforms.ActiveCfg = Debug|x86
		{B597FFDF-D2D1-44CC-BAE1-4DB6548507F8}.Debug|Mixed Platforms.Build.0 = Debug|x86
		{B597FFDF-D2D1-44CC-BAE1-4DB6548507F8}.Debug|x86.ActiveCfg = Debug|x86
		{B597FFDF-D2D1-44CC-BAE1-4DB6548507F8}.Debug|x86.Build.0 = Debug|x86
		{B597FFDF-D2D1-44CC-BAE1-4DB6548507F8}.Release|Any CPU.ActiveCfg = Release|x86
		{B597FFDF-D2D1-44CC-BAE1-4DB6548507F8}.Release|Mixed Platforms.ActiveCfg = Release|x86
		{B597FFDF-D2D1-44CC-BAE1-4DB6548507F8}.Release|Mixed Platforms.Build.0 = Release|x86
		{B597FFDF-D2D1-44CC-BAE1-4DB6548507F8}.Release|x86.ActiveCfg = Release|x86
		{B597FFDF-D2D1-44CC-BAE1-4DB6548507F8}.Release|x86.Build.0 = Release|x86
		{61477169-2C8C-4391-8313-DED1610D3247}.Debug|Any CPU.ActiveCfg = Debug|x86
		{61477169-2C8C-4391-8313-DED1610D3247}.Debug|Mixed Platforms.ActiveCfg = Debug|x86
		{61477169-2C8C-4391-8313-DED1610D3247}.Debug|Mixed Platforms.Build.0 = Debug|x86
		{61477169-2C8C-4391-8313-DED1610D3247}.Debug|x86.ActiveCfg = Debug|x86
		{61477169-2C8C-4391-8313-DED1610D3247}.Debug|x86.Build.0 = Debug|x86
		{61477169-2C8C-4391-8313-DED1610D3247}.Release|Any CPU.ActiveCfg = Release|x86
		{61477169-2C8C-4391-8313-DED1610D3247}.Release|Mixed Platforms.ActiveCfg = Release|x86
		{61477169-2C8C-4391-8313-DED1610D3247}.Release|Mixed Platforms.Build.0 = Release|x86
		{61477169-2C8C-4391-8313-DED1610D3247}.Release|x86.ActiveCfg = Release|x86
		{61477169-2C8C-4391-8313-DED1610D3247}.Release|x86.Build.0 = Release|x86
	EndGlobalSection
	GlobalSection(SolutionProperties) = preSolution
		HideSolutionNode = FALSE
	EndGlobalSection
EndGlobal
